// !$*UTF8*$!
{
	archiveVersion = 1;
	classes = {
	};
	objectVersion = 50;
	objects = {

/* Begin PBXBuildFile section */
		709021EF2695B80200DB2DBA /* CitySightsApp.swift in Sources */ = {isa = PBXBuildFile; fileRef = 709021EE2695B80200DB2DBA /* CitySightsApp.swift */; };
		709021F12695B80200DB2DBA /* LaunchView.swift in Sources */ = {isa = PBXBuildFile; fileRef = 709021F02695B80200DB2DBA /* LaunchView.swift */; };
		709021F32695B80B00DB2DBA /* Assets.xcassets in Resources */ = {isa = PBXBuildFile; fileRef = 709021F22695B80B00DB2DBA /* Assets.xcassets */; };
		709021F62695B80B00DB2DBA /* Preview Assets.xcassets in Resources */ = {isa = PBXBuildFile; fileRef = 709021F52695B80B00DB2DBA /* Preview Assets.xcassets */; };
		709022032696287F00DB2DBA /* Business.swift in Sources */ = {isa = PBXBuildFile; fileRef = 709022022696287F00DB2DBA /* Business.swift */; };
		7090220526962D3D00DB2DBA /* BusinessSearch.swift in Sources */ = {isa = PBXBuildFile; fileRef = 7090220426962D3D00DB2DBA /* BusinessSearch.swift */; };
		709022082696316000DB2DBA /* Constants.swift in Sources */ = {isa = PBXBuildFile; fileRef = 709022072696316000DB2DBA /* Constants.swift */; };
		7090220D269634E900DB2DBA /* HomeView.swift in Sources */ = {isa = PBXBuildFile; fileRef = 7090220C269634E900DB2DBA /* HomeView.swift */; };
		70902210269645E800DB2DBA /* BusinessList.swift in Sources */ = {isa = PBXBuildFile; fileRef = 7090220F269645E800DB2DBA /* BusinessList.swift */; };
		709022122696488600DB2DBA /* ContentModel.swift in Sources */ = {isa = PBXBuildFile; fileRef = 709022112696488500DB2DBA /* ContentModel.swift */; };
		7090221426964AA200DB2DBA /* BusinessSectionHeader.swift in Sources */ = {isa = PBXBuildFile; fileRef = 7090221326964AA100DB2DBA /* BusinessSectionHeader.swift */; };
		7090221626964CDB00DB2DBA /* BusinessSection.swift in Sources */ = {isa = PBXBuildFile; fileRef = 7090221526964CDB00DB2DBA /* BusinessSection.swift */; };
		709022182697286400DB2DBA /* BusinessRow.swift in Sources */ = {isa = PBXBuildFile; fileRef = 709022172697286400DB2DBA /* BusinessRow.swift */; };
		7090221A269778EC00DB2DBA /* BusinessDetail.swift in Sources */ = {isa = PBXBuildFile; fileRef = 70902219269778EC00DB2DBA /* BusinessDetail.swift */; };
		7090221D2697A0AA00DB2DBA /* BusinessMap.swift in Sources */ = {isa = PBXBuildFile; fileRef = 7090221C2697A0AA00DB2DBA /* BusinessMap.swift */; };
/* End PBXBuildFile section */

/* Begin PBXFileReference section */
		709021EB2695B80200DB2DBA /* City Sights App.app */ = {isa = PBXFileReference; explicitFileType = wrapper.application; includeInIndex = 0; path = "City Sights App.app"; sourceTree = BUILT_PRODUCTS_DIR; };
		709021EE2695B80200DB2DBA /* CitySightsApp.swift */ = {isa = PBXFileReference; lastKnownFileType = sourcecode.swift; path = CitySightsApp.swift; sourceTree = "<group>"; };
		709021F02695B80200DB2DBA /* LaunchView.swift */ = {isa = PBXFileReference; lastKnownFileType = sourcecode.swift; path = LaunchView.swift; sourceTree = "<group>"; };
		709021F22695B80B00DB2DBA /* Assets.xcassets */ = {isa = PBXFileReference; lastKnownFileType = folder.assetcatalog; path = Assets.xcassets; sourceTree = "<group>"; };
		709021F52695B80B00DB2DBA /* Preview Assets.xcassets */ = {isa = PBXFileReference; lastKnownFileType = folder.assetcatalog; path = "Preview Assets.xcassets"; sourceTree = "<group>"; };
		709021F72695B80B00DB2DBA /* Info.plist */ = {isa = PBXFileReference; lastKnownFileType = text.plist.xml; path = Info.plist; sourceTree = "<group>"; };
		709022022696287F00DB2DBA /* Business.swift */ = {isa = PBXFileReference; lastKnownFileType = sourcecode.swift; path = Business.swift; sourceTree = "<group>"; };
		7090220426962D3D00DB2DBA /* BusinessSearch.swift */ = {isa = PBXFileReference; lastKnownFileType = sourcecode.swift; path = BusinessSearch.swift; sourceTree = "<group>"; };
		709022072696316000DB2DBA /* Constants.swift */ = {isa = PBXFileReference; lastKnownFileType = sourcecode.swift; path = Constants.swift; sourceTree = "<group>"; };
		7090220C269634E900DB2DBA /* HomeView.swift */ = {isa = PBXFileReference; lastKnownFileType = sourcecode.swift; path = HomeView.swift; sourceTree = "<group>"; };
		7090220F269645E800DB2DBA /* BusinessList.swift */ = {isa = PBXFileReference; lastKnownFileType = sourcecode.swift; path = BusinessList.swift; sourceTree = "<group>"; };
		709022112696488500DB2DBA /* ContentModel.swift */ = {isa = PBXFileReference; fileEncoding = 4; lastKnownFileType = sourcecode.swift; name = ContentModel.swift; path = "../../../../../../Downloads/City Sights App/City Sights App/ViewModels/ContentModel.swift"; sourceTree = "<group>"; };
		7090221326964AA100DB2DBA /* BusinessSectionHeader.swift */ = {isa = PBXFileReference; lastKnownFileType = sourcecode.swift; path = BusinessSectionHeader.swift; sourceTree = "<group>"; };
		7090221526964CDB00DB2DBA /* BusinessSection.swift */ = {isa = PBXFileReference; lastKnownFileType = sourcecode.swift; path = BusinessSection.swift; sourceTree = "<group>"; };
		709022172697286400DB2DBA /* BusinessRow.swift */ = {isa = PBXFileReference; lastKnownFileType = sourcecode.swift; path = BusinessRow.swift; sourceTree = "<group>"; };
		70902219269778EC00DB2DBA /* BusinessDetail.swift */ = {isa = PBXFileReference; lastKnownFileType = sourcecode.swift; path = BusinessDetail.swift; sourceTree = "<group>"; };
		7090221C2697A0AA00DB2DBA /* BusinessMap.swift */ = {isa = PBXFileReference; lastKnownFileType = sourcecode.swift; path = BusinessMap.swift; sourceTree = "<group>"; };
/* End PBXFileReference section */

/* Begin PBXFrameworksBuildPhase section */
		709021E82695B80200DB2DBA /* Frameworks */ = {
			isa = PBXFrameworksBuildPhase;
			buildActionMask = 2147483647;
			files = (
			);
			runOnlyForDeploymentPostprocessing = 0;
		};
/* End PBXFrameworksBuildPhase section */

/* Begin PBXGroup section */
		709021E22695B80200DB2DBA = {
			isa = PBXGroup;
			children = (
				709021ED2695B80200DB2DBA /* City Sights App */,
				709021EC2695B80200DB2DBA /* Products */,
			);
			sourceTree = "<group>";
		};
		709021EC2695B80200DB2DBA /* Products */ = {
			isa = PBXGroup;
			children = (
				709021EB2695B80200DB2DBA /* City Sights App.app */,
			);
			name = Products;
			sourceTree = "<group>";
		};
		709021ED2695B80200DB2DBA /* City Sights App */ = {
			isa = PBXGroup;
			children = (
				709021EE2695B80200DB2DBA /* CitySightsApp.swift */,
				709021FD2695B84B00DB2DBA /* Models */,
				709021FE2695B85100DB2DBA /* ViewModels */,
				709021FF2695B85B00DB2DBA /* Views */,
				709022062696314900DB2DBA /* Helpers */,
				709021F22695B80B00DB2DBA /* Assets.xcassets */,
				709021F72695B80B00DB2DBA /* Info.plist */,
				709021F42695B80B00DB2DBA /* Preview Content */,
			);
			path = "City Sights App";
			sourceTree = "<group>";
		};
		709021F42695B80B00DB2DBA /* Preview Content */ = {
			isa = PBXGroup;
			children = (
				709021F52695B80B00DB2DBA /* Preview Assets.xcassets */,
			);
			path = "Preview Content";
			sourceTree = "<group>";
		};
		709021FD2695B84B00DB2DBA /* Models */ = {
			isa = PBXGroup;
			children = (
				709022022696287F00DB2DBA /* Business.swift */,
				7090220426962D3D00DB2DBA /* BusinessSearch.swift */,
			);
			path = Models;
			sourceTree = "<group>";
		};
		709021FE2695B85100DB2DBA /* ViewModels */ = {
			isa = PBXGroup;
			children = (
				709022112696488500DB2DBA /* ContentModel.swift */,
			);
			path = ViewModels;
			sourceTree = "<group>";
		};
		709021FF2695B85B00DB2DBA /* Views */ = {
			isa = PBXGroup;
			children = (
				709021F02695B80200DB2DBA /* LaunchView.swift */,
				7090220B269634CB00DB2DBA /* Home */,
				7090220A269634C300DB2DBA /* Denied */,
				70902209269634AE00DB2DBA /* Onboarding */,
			);
			path = Views;
			sourceTree = "<group>";
		};
		709022062696314900DB2DBA /* Helpers */ = {
			isa = PBXGroup;
			children = (
				709022072696316000DB2DBA /* Constants.swift */,
			);
			path = Helpers;
			sourceTree = "<group>";
		};
		70902209269634AE00DB2DBA /* Onboarding */ = {
			isa = PBXGroup;
			children = (
			);
			path = Onboarding;
			sourceTree = "<group>";
		};
		7090220A269634C300DB2DBA /* Denied */ = {
			isa = PBXGroup;
			children = (
			);
			path = Denied;
			sourceTree = "<group>";
		};
		7090220B269634CB00DB2DBA /* Home */ = {
			isa = PBXGroup;
			children = (
				7090220C269634E900DB2DBA /* HomeView.swift */,
				7090221B2697A08800DB2DBA /* Map */,
				7090220E269645D700DB2DBA /* List */,
			);
			path = Home;
			sourceTree = "<group>";
		};
		7090220E269645D700DB2DBA /* List */ = {
			isa = PBXGroup;
			children = (
				7090220F269645E800DB2DBA /* BusinessList.swift */,
				7090221526964CDB00DB2DBA /* BusinessSection.swift */,
				709022172697286400DB2DBA /* BusinessRow.swift */,
				7090221326964AA100DB2DBA /* BusinessSectionHeader.swift */,
				70902219269778EC00DB2DBA /* BusinessDetail.swift */,
			);
			path = List;
			sourceTree = "<group>";
		};
		7090221B2697A08800DB2DBA /* Map */ = {
			isa = PBXGroup;
			children = (
				7090221C2697A0AA00DB2DBA /* BusinessMap.swift */,
			);
			path = Map;
			sourceTree = "<group>";
		};
/* End PBXGroup section */

/* Begin PBXNativeTarget section */
		709021EA2695B80200DB2DBA /* City Sights App */ = {
			isa = PBXNativeTarget;
			buildConfigurationList = 709021FA2695B80B00DB2DBA /* Build configuration list for PBXNativeTarget "City Sights App" */;
			buildPhases = (
				709021E72695B80200DB2DBA /* Sources */,
				709021E82695B80200DB2DBA /* Frameworks */,
				709021E92695B80200DB2DBA /* Resources */,
			);
			buildRules = (
			);
			dependencies = (
			);
			name = "City Sights App";
			productName = "City Sights App";
			productReference = 709021EB2695B80200DB2DBA /* City Sights App.app */;
			productType = "com.apple.product-type.application";
		};
/* End PBXNativeTarget section */

/* Begin PBXProject section */
		709021E32695B80200DB2DBA /* Project object */ = {
			isa = PBXProject;
			attributes = {
				LastSwiftUpdateCheck = 1250;
				LastUpgradeCheck = 1250;
				TargetAttributes = {
					709021EA2695B80200DB2DBA = {
						CreatedOnToolsVersion = 12.5;
					};
				};
			};
			buildConfigurationList = 709021E62695B80200DB2DBA /* Build configuration list for PBXProject "City Sights App" */;
			compatibilityVersion = "Xcode 9.3";
			developmentRegion = en;
			hasScannedForEncodings = 0;
			knownRegions = (
				en,
				Base,
			);
			mainGroup = 709021E22695B80200DB2DBA;
			productRefGroup = 709021EC2695B80200DB2DBA /* Products */;
			projectDirPath = "";
			projectRoot = "";
			targets = (
				709021EA2695B80200DB2DBA /* City Sights App */,
			);
		};
/* End PBXProject section */

/* Begin PBXResourcesBuildPhase section */
		709021E92695B80200DB2DBA /* Resources */ = {
			isa = PBXResourcesBuildPhase;
			buildActionMask = 2147483647;
			files = (
				709021F62695B80B00DB2DBA /* Preview Assets.xcassets in Resources */,
				709021F32695B80B00DB2DBA /* Assets.xcassets in Resources */,
			);
			runOnlyForDeploymentPostprocessing = 0;
		};
/* End PBXResourcesBuildPhase section */

/* Begin PBXSourcesBuildPhase section */
		709021E72695B80200DB2DBA /* Sources */ = {
			isa = PBXSourcesBuildPhase;
			buildActionMask = 2147483647;
			files = (
				709021F12695B80200DB2DBA /* LaunchView.swift in Sources */,
				709022182697286400DB2DBA /* BusinessRow.swift in Sources */,
				7090220D269634E900DB2DBA /* HomeView.swift in Sources */,
				709022082696316000DB2DBA /* Constants.swift in Sources */,
				7090221426964AA200DB2DBA /* BusinessSectionHeader.swift in Sources */,
				709022032696287F00DB2DBA /* Business.swift in Sources */,
				7090221A269778EC00DB2DBA /* BusinessDetail.swift in Sources */,
				709021EF2695B80200DB2DBA /* CitySightsApp.swift in Sources */,
				70902210269645E800DB2DBA /* BusinessList.swift in Sources */,
				7090221D2697A0AA00DB2DBA /* BusinessMap.swift in Sources */,
				7090221626964CDB00DB2DBA /* BusinessSection.swift in Sources */,
				7090220526962D3D00DB2DBA /* BusinessSearch.swift in Sources */,
				709022122696488600DB2DBA /* ContentModel.swift in Sources */,
			);
			runOnlyForDeploymentPostprocessing = 0;
		};
/* End PBXSourcesBuildPhase section */

/* Begin XCBuildConfiguration section */
		709021F82695B80B00DB2DBA /* Debug */ = {
			isa = XCBuildConfiguration;
			buildSettings = {
				ALWAYS_SEARCH_USER_PATHS = NO;
				CLANG_ANALYZER_NONNULL = YES;
				CLANG_ANALYZER_NUMBER_OBJECT_CONVERSION = YES_AGGRESSIVE;
				CLANG_CXX_LANGUAGE_STANDARD = "gnu++14";
				CLANG_CXX_LIBRARY = "libc++";
				CLANG_ENABLE_MODULES = YES;
				CLANG_ENABLE_OBJC_ARC = YES;
				CLANG_ENABLE_OBJC_WEAK = YES;
				CLANG_WARN_BLOCK_CAPTURE_AUTORELEASING = YES;
				CLANG_WARN_BOOL_CONVERSION = YES;
				CLANG_WARN_COMMA = YES;
				CLANG_WARN_CONSTANT_CONVERSION = YES;
				CLANG_WARN_DEPRECATED_OBJC_IMPLEMENTATIONS = YES;
				CLANG_WARN_DIRECT_OBJC_ISA_USAGE = YES_ERROR;
				CLANG_WARN_DOCUMENTATION_COMMENTS = YES;
				CLANG_WARN_EMPTY_BODY = YES;
				CLANG_WARN_ENUM_CONVERSION = YES;
				CLANG_WARN_INFINITE_RECURSION = YES;
				CLANG_WARN_INT_CONVERSION = YES;
				CLANG_WARN_NON_LITERAL_NULL_CONVERSION = YES;
				CLANG_WARN_OBJC_IMPLICIT_RETAIN_SELF = YES;
				CLANG_WARN_OBJC_LITERAL_CONVERSION = YES;
				CLANG_WARN_OBJC_ROOT_CLASS = YES_ERROR;
				CLANG_WARN_QUOTED_INCLUDE_IN_FRAMEWORK_HEADER = YES;
				CLANG_WARN_RANGE_LOOP_ANALYSIS = YES;
				CLANG_WARN_STRICT_PROTOTYPES = YES;
				CLANG_WARN_SUSPICIOUS_MOVE = YES;
				CLANG_WARN_UNGUARDED_AVAILABILITY = YES_AGGRESSIVE;
				CLANG_WARN_UNREACHABLE_CODE = YES;
				CLANG_WARN__DUPLICATE_METHOD_MATCH = YES;
				COPY_PHASE_STRIP = NO;
				DEBUG_INFORMATION_FORMAT = dwarf;
				ENABLE_STRICT_OBJC_MSGSEND = YES;
				ENABLE_TESTABILITY = YES;
				GCC_C_LANGUAGE_STANDARD = gnu11;
				GCC_DYNAMIC_NO_PIC = NO;
				GCC_NO_COMMON_BLOCKS = YES;
				GCC_OPTIMIZATION_LEVEL = 0;
				GCC_PREPROCESSOR_DEFINITIONS = (
					"DEBUG=1",
					"$(inherited)",
				);
				GCC_WARN_64_TO_32_BIT_CONVERSION = YES;
				GCC_WARN_ABOUT_RETURN_TYPE = YES_ERROR;
				GCC_WARN_UNDECLARED_SELECTOR = YES;
				GCC_WARN_UNINITIALIZED_AUTOS = YES_AGGRESSIVE;
				GCC_WARN_UNUSED_FUNCTION = YES;
				GCC_WARN_UNUSED_VARIABLE = YES;
				IPHONEOS_DEPLOYMENT_TARGET = 14.5;
				MTL_ENABLE_DEBUG_INFO = INCLUDE_SOURCE;
				MTL_FAST_MATH = YES;
				ONLY_ACTIVE_ARCH = YES;
				SDKROOT = iphoneos;
				SWIFT_ACTIVE_COMPILATION_CONDITIONS = DEBUG;
				SWIFT_OPTIMIZATION_LEVEL = "-Onone";
			};
			name = Debug;
		};
		709021F92695B80B00DB2DBA /* Release */ = {
			isa = XCBuildConfiguration;
			buildSettings = {
				ALWAYS_SEARCH_USER_PATHS = NO;
				CLANG_ANALYZER_NONNULL = YES;
				CLANG_ANALYZER_NUMBER_OBJECT_CONVERSION = YES_AGGRESSIVE;
				CLANG_CXX_LANGUAGE_STANDARD = "gnu++14";
				CLANG_CXX_LIBRARY = "libc++";
				CLANG_ENABLE_MODULES = YES;
				CLANG_ENABLE_OBJC_ARC = YES;
				CLANG_ENABLE_OBJC_WEAK = YES;
				CLANG_WARN_BLOCK_CAPTURE_AUTORELEASING = YES;
				CLANG_WARN_BOOL_CONVERSION = YES;
				CLANG_WARN_COMMA = YES;
				CLANG_WARN_CONSTANT_CONVERSION = YES;
				CLANG_WARN_DEPRECATED_OBJC_IMPLEMENTATIONS = YES;
				CLANG_WARN_DIRECT_OBJC_ISA_USAGE = YES_ERROR;
				CLANG_WARN_DOCUMENTATION_COMMENTS = YES;
				CLANG_WARN_EMPTY_BODY = YES;
				CLANG_WARN_ENUM_CONVERSION = YES;
				CLANG_WARN_INFINITE_RECURSION = YES;
				CLANG_WARN_INT_CONVERSION = YES;
				CLANG_WARN_NON_LITERAL_NULL_CONVERSION = YES;
				CLANG_WARN_OBJC_IMPLICIT_RETAIN_SELF = YES;
				CLANG_WARN_OBJC_LITERAL_CONVERSION = YES;
				CLANG_WARN_OBJC_ROOT_CLASS = YES_ERROR;
				CLANG_WARN_QUOTED_INCLUDE_IN_FRAMEWORK_HEADER = YES;
				CLANG_WARN_RANGE_LOOP_ANALYSIS = YES;
				CLANG_WARN_STRICT_PROTOTYPES = YES;
				CLANG_WARN_SUSPICIOUS_MOVE = YES;
				CLANG_WARN_UNGUARDED_AVAILABILITY = YES_AGGRESSIVE;
				CLANG_WARN_UNREACHABLE_CODE = YES;
				CLANG_WARN__DUPLICATE_METHOD_MATCH = YES;
				COPY_PHASE_STRIP = NO;
				DEBUG_INFORMATION_FORMAT = "dwarf-with-dsym";
				ENABLE_NS_ASSERTIONS = NO;
				ENABLE_STRICT_OBJC_MSGSEND = YES;
				GCC_C_LANGUAGE_STANDARD = gnu11;
				GCC_NO_COMMON_BLOCKS = YES;
				GCC_WARN_64_TO_32_BIT_CONVERSION = YES;
				GCC_WARN_ABOUT_RETURN_TYPE = YES_ERROR;
				GCC_WARN_UNDECLARED_SELECTOR = YES;
				GCC_WARN_UNINITIALIZED_AUTOS = YES_AGGRESSIVE;
				GCC_WARN_UNUSED_FUNCTION = YES;
				GCC_WARN_UNUSED_VARIABLE = YES;
				IPHONEOS_DEPLOYMENT_TARGET = 14.5;
				MTL_ENABLE_DEBUG_INFO = NO;
				MTL_FAST_MATH = YES;
				SDKROOT = iphoneos;
				SWIFT_COMPILATION_MODE = wholemodule;
				SWIFT_OPTIMIZATION_LEVEL = "-O";
				VALIDATE_PRODUCT = YES;
			};
			name = Release;
		};
		709021FB2695B80B00DB2DBA /* Debug */ = {
			isa = XCBuildConfiguration;
			buildSettings = {
				ASSETCATALOG_COMPILER_APPICON_NAME = AppIcon;
				ASSETCATALOG_COMPILER_GLOBAL_ACCENT_COLOR_NAME = AccentColor;
				CODE_SIGN_STYLE = Automatic;
				DEVELOPMENT_ASSET_PATHS = "\"City Sights App/Preview Content\"";
				DEVELOPMENT_TEAM = VMP9TVJ8FC;
				ENABLE_PREVIEWS = YES;
				INFOPLIST_FILE = "City Sights App/Info.plist";
				IPHONEOS_DEPLOYMENT_TARGET = 14.0;
				LD_RUNPATH_SEARCH_PATHS = (
					"$(inherited)",
					"@executable_path/Frameworks",
				);
				PRODUCT_BUNDLE_IDENTIFIER = "com.antoniogormley.City-Sights-App";
				PRODUCT_NAME = "$(TARGET_NAME)";
				SWIFT_VERSION = 5.0;
				TARGETED_DEVICE_FAMILY = "1,2";
			};
			name = Debug;
		};
		709021FC2695B80B00DB2DBA /* Release */ = {
			isa = XCBuildConfiguration;
			buildSettings = {
				ASSETCATALOG_COMPILER_APPICON_NAME = AppIcon;
				ASSETCATALOG_COMPILER_GLOBAL_ACCENT_COLOR_NAME = AccentColor;
				CODE_SIGN_STYLE = Automatic;
				DEVELOPMENT_ASSET_PATHS = "\"City Sights App/Preview Content\"";
				DEVELOPMENT_TEAM = VMP9TVJ8FC;
				ENABLE_PREVIEWS = YES;
				INFOPLIST_FILE = "City Sights App/Info.plist";
				IPHONEOS_DEPLOYMENT_TARGET = 14.0;
				LD_RUNPATH_SEARCH_PATHS = (
					"$(inherited)",
					"@executable_path/Frameworks",
				);
				PRODUCT_BUNDLE_IDENTIFIER = "com.antoniogormley.City-Sights-App";
				PRODUCT_NAME = "$(TARGET_NAME)";
				SWIFT_VERSION = 5.0;
				TARGETED_DEVICE_FAMILY = "1,2";
			};
			name = Release;
		};
/* End XCBuildConfiguration section */

/* Begin XCConfigurationList section */
		709021E62695B80200DB2DBA /* Build configuration list for PBXProject "City Sights App" */ = {
			isa = XCConfigurationList;
			buildConfigurations = (
				709021F82695B80B00DB2DBA /* Debug */,
				709021F92695B80B00DB2DBA /* Release */,
			);
			defaultConfigurationIsVisible = 0;
			defaultConfigurationName = Release;
		};
		709021FA2695B80B00DB2DBA /* Build configuration list for PBXNativeTarget "City Sights App" */ = {
			isa = XCConfigurationList;
			buildConfigurations = (
				709021FB2695B80B00DB2DBA /* Debug */,
				709021FC2695B80B00DB2DBA /* Release */,
			);
			defaultConfigurationIsVisible = 0;
			defaultConfigurationName = Release;
		};
/* End XCConfigurationList section */
	};
	rootObject = 709021E32695B80200DB2DBA /* Project object */;
}
